
Microsoft Visual Studio Solution File, Format Version 12.00
# Visual Studio 2012
Project("{FAE04EC0-301F-11D3-BF4B-00C04F79EFBC}") = "BugMortis.Data", "BugMortis.Data\BugMortis.Data.csproj", "{231BF915-5F8A-43F6-8F3F-82FE7AB2E73E}"
EndProject
Project("{FAE04EC0-301F-11D3-BF4B-00C04F79EFBC}") = "BugMortis.Data.Entity", "BugMortis.Data.Entity\BugMortis.Data.Entity.csproj", "{66125473-04D0-44F4-874B-C01E1FEB9348}"
EndProject
Project("{FAE04EC0-301F-11D3-BF4B-00C04F79EFBC}") = "BugMortis.Data.SqlServer", "BugMortis.Data.SqlServer\BugMortis.Data.SqlServer.csproj", "{7ACDD05F-B677-4F12-9539-A5C8E628CFC2}"
EndProject
Project("{FAE04EC0-301F-11D3-BF4B-00C04F79EFBC}") = "BugMortis.Data.SqlServer.Tests", "BugMortis.Data.SqlServer.Tests\BugMortis.Data.SqlServer.Tests.csproj", "{CA213722-1806-421A-B4D6-94344EB48B06}"
EndProject
Project("{FAE04EC0-301F-11D3-BF4B-00C04F79EFBC}") = "BugMortis.Domain", "BugMortis.Domain\BugMortis.Domain.csproj", "{09D23250-B597-4DFD-8E14-4655974DB6D0}"
EndProject
Project("{FAE04EC0-301F-11D3-BF4B-00C04F79EFBC}") = "BugMortis.Domain.Entity", "BugMortis.Domain.Entity\BugMortis.Domain.Entity.csproj", "{A60C2B67-FCB3-4B64-B8A0-54C20A0397FD}"
EndProject
Project("{FAE04EC0-301F-11D3-BF4B-00C04F79EFBC}") = "BugMortis.Domain.Tests", "BugMortis.Domain.Tests\BugMortis.Domain.Tests.csproj", "{9A280C8B-B955-48FA-9642-DE1AB9457406}"
EndProject
Project("{FAE04EC0-301F-11D3-BF4B-00C04F79EFBC}") = "BugMortis.API", "BugMortis.API\BugMortis.API.csproj", "{FA5565E1-D20F-4459-9F66-4444D41EC786}"
EndProject
Project("{FAE04EC0-301F-11D3-BF4B-00C04F79EFBC}") = "BugMortis.API.Tests", "BugMortis.API.Tests\BugMortis.API.Tests.csproj", "{EF6E727C-BF7E-4145-88A7-19AFA678D5B1}"
EndProject
Project("{FAE04EC0-301F-11D3-BF4B-00C04F79EFBC}") = "BugMortis.API.Autofac", "BugMortis.API.Autofac\BugMortis.API.Autofac.csproj", "{727B2527-2B24-41ED-90EE-C556A0325193}"
EndProject
Project("{2150E333-8FDC-42A3-9474-1A3956D46DE8}") = "API", "API", "{3DD254EB-3AA7-46C9-B11A-BAA163148802}"
EndProject
Project("{2150E333-8FDC-42A3-9474-1A3956D46DE8}") = "BusinessLogic", "BusinessLogic", "{BA01502C-9B4E-4338-AF37-60CD1C3F61E6}"
EndProject
Project("{2150E333-8FDC-42A3-9474-1A3956D46DE8}") = "DataAccess", "DataAccess", "{0DBB18EF-0FA7-40C5-9234-A7D1F7ADB134}"
EndProject
Global
	GlobalSection(SolutionConfigurationPlatforms) = preSolution
		Debug|Any CPU = Debug|Any CPU
		Release|Any CPU = Release|Any CPU
	EndGlobalSection
	GlobalSection(ProjectConfigurationPlatforms) = postSolution
		{231BF915-5F8A-43F6-8F3F-82FE7AB2E73E}.Debug|Any CPU.ActiveCfg = Debug|Any CPU
		{231BF915-5F8A-43F6-8F3F-82FE7AB2E73E}.Debug|Any CPU.Build.0 = Debug|Any CPU
		{231BF915-5F8A-43F6-8F3F-82FE7AB2E73E}.Release|Any CPU.ActiveCfg = Release|Any CPU
		{231BF915-5F8A-43F6-8F3F-82FE7AB2E73E}.Release|Any CPU.Build.0 = Release|Any CPU
		{66125473-04D0-44F4-874B-C01E1FEB9348}.Debug|Any CPU.ActiveCfg = Debug|Any CPU
		{66125473-04D0-44F4-874B-C01E1FEB9348}.Debug|Any CPU.Build.0 = Debug|Any CPU
		{66125473-04D0-44F4-874B-C01E1FEB9348}.Release|Any CPU.ActiveCfg = Release|Any CPU
		{66125473-04D0-44F4-874B-C01E1FEB9348}.Release|Any CPU.Build.0 = Release|Any CPU
		{7ACDD05F-B677-4F12-9539-A5C8E628CFC2}.Debug|Any CPU.ActiveCfg = Debug|Any CPU
		{7ACDD05F-B677-4F12-9539-A5C8E628CFC2}.Debug|Any CPU.Build.0 = Debug|Any CPU
		{7ACDD05F-B677-4F12-9539-A5C8E628CFC2}.Release|Any CPU.ActiveCfg = Release|Any CPU
		{7ACDD05F-B677-4F12-9539-A5C8E628CFC2}.Release|Any CPU.Build.0 = Release|Any CPU
		{CA213722-1806-421A-B4D6-94344EB48B06}.Debug|Any CPU.ActiveCfg = Debug|Any CPU
		{CA213722-1806-421A-B4D6-94344EB48B06}.Debug|Any CPU.Build.0 = Debug|Any CPU
		{CA213722-1806-421A-B4D6-94344EB48B06}.Release|Any CPU.ActiveCfg = Release|Any CPU
		{CA213722-1806-421A-B4D6-94344EB48B06}.Release|Any CPU.Build.0 = Release|Any CPU
		{09D23250-B597-4DFD-8E14-4655974DB6D0}.Debug|Any CPU.ActiveCfg = Debug|Any CPU
		{09D23250-B597-4DFD-8E14-4655974DB6D0}.Debug|Any CPU.Build.0 = Debug|Any CPU
		{09D23250-B597-4DFD-8E14-4655974DB6D0}.Release|Any CPU.ActiveCfg = Release|Any CPU
		{09D23250-B597-4DFD-8E14-4655974DB6D0}.Release|Any CPU.Build.0 = Release|Any CPU
		{A60C2B67-FCB3-4B64-B8A0-54C20A0397FD}.Debug|Any CPU.ActiveCfg = Debug|Any CPU
		{A60C2B67-FCB3-4B64-B8A0-54C20A0397FD}.Debug|Any CPU.Build.0 = Debug|Any CPU
		{A60C2B67-FCB3-4B64-B8A0-54C20A0397FD}.Release|Any CPU.ActiveCfg = Release|Any CPU
		{A60C2B67-FCB3-4B64-B8A0-54C20A0397FD}.Release|Any CPU.Build.0 = Release|Any CPU
		{9A280C8B-B955-48FA-9642-DE1AB9457406}.Debug|Any CPU.ActiveCfg = Debug|Any CPU
		{9A280C8B-B955-48FA-9642-DE1AB9457406}.Debug|Any CPU.Build.0 = Debug|Any CPU
		{9A280C8B-B955-48FA-9642-DE1AB9457406}.Release|Any CPU.ActiveCfg = Release|Any CPU
		{9A280C8B-B955-48FA-9642-DE1AB9457406}.Release|Any CPU.Build.0 = Release|Any CPU
		{FA5565E1-D20F-4459-9F66-4444D41EC786}.Debug|Any CPU.ActiveCfg = Debug|Any CPU
		{FA5565E1-D20F-4459-9F66-4444D41EC786}.Debug|Any CPU.Build.0 = Debug|Any CPU
		{FA5565E1-D20F-4459-9F66-4444D41EC786}.Release|Any CPU.ActiveCfg = Release|Any CPU
		{FA5565E1-D20F-4459-9F66-4444D41EC786}.Release|Any CPU.Build.0 = Release|Any CPU
		{EF6E727C-BF7E-4145-88A7-19AFA678D5B1}.Debug|Any CPU.ActiveCfg = Debug|Any CPU
		{EF6E727C-BF7E-4145-88A7-19AFA678D5B1}.Debug|Any CPU.Build.0 = Debug|Any CPU
		{EF6E727C-BF7E-4145-88A7-19AFA678D5B1}.Release|Any CPU.ActiveCfg = Release|Any CPU
		{EF6E727C-BF7E-4145-88A7-19AFA678D5B1}.Release|Any CPU.Build.0 = Release|Any CPU
		{727B2527-2B24-41ED-90EE-C556A0325193}.Debug|Any CPU.ActiveCfg = Debug|Any CPU
		{727B2527-2B24-41ED-90EE-C556A0325193}.Debug|Any CPU.Build.0 = Debug|Any CPU
		{727B2527-2B24-41ED-90EE-C556A0325193}.Release|Any CPU.ActiveCfg = Release|Any CPU
		{727B2527-2B24-41ED-90EE-C556A0325193}.Release|Any CPU.Build.0 = Release|Any CPU
	EndGlobalSection
	GlobalSection(SolutionProperties) = preSolution
		HideSolutionNode = FALSE
	EndGlobalSection
	GlobalSection(NestedProjects) = preSolution
		{FA5565E1-D20F-4459-9F66-4444D41EC786} = {3DD254EB-3AA7-46C9-B11A-BAA163148802}
		{727B2527-2B24-41ED-90EE-C556A0325193} = {3DD254EB-3AA7-46C9-B11A-BAA163148802}
		{EF6E727C-BF7E-4145-88A7-19AFA678D5B1} = {3DD254EB-3AA7-46C9-B11A-BAA163148802}
		{09D23250-B597-4DFD-8E14-4655974DB6D0} = {BA01502C-9B4E-4338-AF37-60CD1C3F61E6}
		{A60C2B67-FCB3-4B64-B8A0-54C20A0397FD} = {BA01502C-9B4E-4338-AF37-60CD1C3F61E6}
		{9A280C8B-B955-48FA-9642-DE1AB9457406} = {BA01502C-9B4E-4338-AF37-60CD1C3F61E6}
		{231BF915-5F8A-43F6-8F3F-82FE7AB2E73E} = {0DBB18EF-0FA7-40C5-9234-A7D1F7ADB134}
		{66125473-04D0-44F4-874B-C01E1FEB9348} = {0DBB18EF-0FA7-40C5-9234-A7D1F7ADB134}
		{7ACDD05F-B677-4F12-9539-A5C8E628CFC2} = {0DBB18EF-0FA7-40C5-9234-A7D1F7ADB134}
		{CA213722-1806-421A-B4D6-94344EB48B06} = {0DBB18EF-0FA7-40C5-9234-A7D1F7ADB134}
	EndGlobalSection
EndGlobal
